// !$*UTF8*$!
{
	archiveVersion = 1;
	classes = {
	};
	objectVersion = 46;
	objects = {

/* Begin PBXBuildFile section */
		AD0F147C1C1F5E8500625321 /* main.swift in Sources */ = {isa = PBXBuildFile; fileRef = AD0F147B1C1F5E8500625321 /* main.swift */; };
		AD0F148B1C1F5F6F00625321 /* App.swift in Sources */ = {isa = PBXBuildFile; fileRef = AD0F148A1C1F5F6F00625321 /* App.swift */; };
		AD39B6611C1F63600008A9C9 /* IRDataTransform.swift in Sources */ = {isa = PBXBuildFile; fileRef = AD39B65E1C1F63600008A9C9 /* IRDataTransform.swift */; };
		AD39B6621C1F63600008A9C9 /* IRSockaddr.swift in Sources */ = {isa = PBXBuildFile; fileRef = AD39B65F1C1F63600008A9C9 /* IRSockaddr.swift */; };
		AD39B6631C1F63600008A9C9 /* IRSocket.swift in Sources */ = {isa = PBXBuildFile; fileRef = AD39B6601C1F63600008A9C9 /* IRSocket.swift */; };
/* End PBXBuildFile section */

/* Begin PBXCopyFilesBuildPhase section */
		AD0F14761C1F5E8500625321 /* CopyFiles */ = {
			isa = PBXCopyFilesBuildPhase;
			buildActionMask = 2147483647;
			dstPath = /usr/share/man/man1/;
			dstSubfolderSpec = 0;
			files = (
			);
			runOnlyForDeploymentPostprocessing = 1;
		};
/* End PBXCopyFilesBuildPhase section */

/* Begin PBXFileReference section */
		AD0F14781C1F5E8500625321 /* SimpleSocketExample */ = {isa = PBXFileReference; explicitFileType = "compiled.mach-o.executable"; includeInIndex = 0; path = SimpleSocketExample; sourceTree = BUILT_PRODUCTS_DIR; };
		AD0F147B1C1F5E8500625321 /* main.swift */ = {isa = PBXFileReference; lastKnownFileType = sourcecode.swift; path = main.swift; sourceTree = "<group>"; };
		AD0F148A1C1F5F6F00625321 /* App.swift */ = {isa = PBXFileReference; fileEncoding = 4; lastKnownFileType = sourcecode.swift; path = App.swift; sourceTree = "<group>"; };
		AD39B65E1C1F63600008A9C9 /* IRDataTransform.swift */ = {isa = PBXFileReference; fileEncoding = 4; lastKnownFileType = sourcecode.swift; path = IRDataTransform.swift; sourceTree = "<group>"; };
		AD39B65F1C1F63600008A9C9 /* IRSockaddr.swift */ = {isa = PBXFileReference; fileEncoding = 4; lastKnownFileType = sourcecode.swift; path = IRSockaddr.swift; sourceTree = "<group>"; };
		AD39B6601C1F63600008A9C9 /* IRSocket.swift */ = {isa = PBXFileReference; fileEncoding = 4; lastKnownFileType = sourcecode.swift; path = IRSocket.swift; sourceTree = "<group>"; };
/* End PBXFileReference section */

/* Begin PBXFrameworksBuildPhase section */
		AD0F14751C1F5E8500625321 /* Frameworks */ = {
			isa = PBXFrameworksBuildPhase;
			buildActionMask = 2147483647;
			files = (
			);
			runOnlyForDeploymentPostprocessing = 0;
		};
/* End PBXFrameworksBuildPhase section */

/* Begin PBXGroup section */
		AD0F146F1C1F5E8500625321 = {
			isa = PBXGroup;
			children = (
				AD0F147A1C1F5E8500625321 /* SimpleSocketExample */,
				AD0F14791C1F5E8500625321 /* Products */,
			);
			sourceTree = "<group>";
		};
		AD0F14791C1F5E8500625321 /* Products */ = {
			isa = PBXGroup;
			children = (
				AD0F14781C1F5E8500625321 /* SimpleSocketExample */,
			);
			name = Products;
			sourceTree = "<group>";
		};
		AD0F147A1C1F5E8500625321 /* SimpleSocketExample */ = {
			isa = PBXGroup;
			children = (
				AD0F147B1C1F5E8500625321 /* main.swift */,
				AD0F14861C1F5F0700625321 /* IRSocket */,
				AD0F148A1C1F5F6F00625321 /* App.swift */,
			);
			path = SimpleSocketExample;
			sourceTree = "<group>";
		};
		AD0F14861C1F5F0700625321 /* IRSocket */ = {
			isa = PBXGroup;
			children = (
				AD39B65E1C1F63600008A9C9 /* IRDataTransform.swift */,
				AD39B65F1C1F63600008A9C9 /* IRSockaddr.swift */,
				AD39B6601C1F63600008A9C9 /* IRSocket.swift */,
			);
			path = IRSocket;
			sourceTree = "<group>";
		};
/* End PBXGroup section */

/* Begin PBXNativeTarget section */
		AD0F14771C1F5E8500625321 /* SimpleSocketExample */ = {
			isa = PBXNativeTarget;
			buildConfigurationList = AD0F147F1C1F5E8500625321 /* Build configuration list for PBXNativeTarget "SimpleSocketExample" */;
			buildPhases = (
				AD0F14741C1F5E8500625321 /* Sources */,
				AD0F14751C1F5E8500625321 /* Frameworks */,
				AD0F14761C1F5E8500625321 /* CopyFiles */,
			);
			buildRules = (
			);
			dependencies = (
			);
			name = SimpleSocketExample;
			productName = SimpleSocketExample;
			productReference = AD0F14781C1F5E8500625321 /* SimpleSocketExample */;
			productType = "com.apple.product-type.tool";
		};
/* End PBXNativeTarget section */

/* Begin PBXProject section */
		AD0F14701C1F5E8500625321 /* Project object */ = {
			isa = PBXProject;
			attributes = {
				LastSwiftUpdateCheck = 0720;
				LastUpgradeCheck = 0720;
				ORGANIZATIONNAME = Rep;
				TargetAttributes = {
					AD0F14771C1F5E8500625321 = {
						CreatedOnToolsVersion = 7.2;
					};
				};
			};
			buildConfigurationList = AD0F14731C1F5E8500625321 /* Build configuration list for PBXProject "SimpleSocketExample" */;
			compatibilityVersion = "Xcode 3.2";
			developmentRegion = English;
			hasScannedForEncodings = 0;
			knownRegions = (
				en,
			);
			mainGroup = AD0F146F1C1F5E8500625321;
			productRefGroup = AD0F14791C1F5E8500625321 /* Products */;
			projectDirPath = "";
			projectRoot = "";
			targets = (
				AD0F14771C1F5E8500625321 /* SimpleSocketExample */,
			);
		};
/* End PBXProject section */

/* Begin PBXSourcesBuildPhase section */
		AD0F14741C1F5E8500625321 /* Sources */ = {
			isa = PBXSourcesBuildPhase;
			buildActionMask = 2147483647;
			files = (
				AD0F147C1C1F5E8500625321 /* main.swift in Sources */,
				AD39B6621C1F63600008A9C9 /* IRSockaddr.swift in Sources */,
				AD0F148B1C1F5F6F00625321 /* App.swift in Sources */,
				AD39B6611C1F63600008A9C9 /* IRDataTransform.swift in Sources */,
				AD39B6631C1F63600008A9C9 /* IRSocket.swift in Sources */,
			);
			runOnlyForDeploymentPostprocessing = 0;
		};
/* End PBXSourcesBuildPhase section */

/* Begin XCBuildConfiguration section */
		AD0F147D1C1F5E8500625321 /* Debug */ = {
			isa = XCBuildConfiguration;
			buildSettings = {
				ALWAYS_SEARCH_USER_PATHS = NO;
				CLANG_CXX_LANGUAGE_STANDARD = "gnu++0x";
				CLANG_CXX_LIBRARY = "libc++";
				CLANG_ENABLE_MODULES = YES;
				CLANG_ENABLE_OBJC_ARC = YES;
				CLANG_WARN_BOOL_CONVERSION = YES;
				CLANG_WARN_CONSTANT_CONVERSION = YES;
				CLANG_WARN_DIRECT_OBJC_ISA_USAGE = YES_ERROR;
				CLANG_WARN_EMPTY_BODY = YES;
				CLANG_WARN_ENUM_CONVERSION = YES;
				CLANG_WARN_INT_CONVERSION = YES;
				CLANG_WARN_OBJC_ROOT_CLASS = YES_ERROR;
				CLANG_WARN_UNREACHABLE_CODE = YES;
				CLANG_WARN__DUPLICATE_METHOD_MATCH = YES;
				CODE_SIGN_IDENTITY = "-";
				COPY_PHASE_STRIP = NO;
				DEBUG_INFORMATION_FORMAT = dwarf;
				ENABLE_STRICT_OBJC_MSGSEND = YES;
				ENABLE_TESTABILITY = YES;
				GCC_C_LANGUAGE_STANDARD = gnu99;
				GCC_DYNAMIC_NO_PIC = NO;
				GCC_NO_COMMON_BLOCKS = YES;
				GCC_OPTIMIZATION_LEVEL = 0;
				GCC_PREPROCESSOR_DEFINITIONS = (
					"DEBUG=1",
					"$(inherited)",
				);
				GCC_WARN_64_TO_32_BIT_CONVERSION = YES;
				GCC_WARN_ABOUT_RETURN_TYPE = YES_ERROR;
				GCC_WARN_UNDECLARED_SELECTOR = YES;
				GCC_WARN_UNINITIALIZED_AUTOS = YES_AGGRESSIVE;
				GCC_WARN_UNUSED_FUNCTION = YES;
				GCC_WARN_UNUSED_VARIABLE = YES;
				MACOSX_DEPLOYMENT_TARGET = 10.11;
				MTL_ENABLE_DEBUG_INFO = YES;
				ONLY_ACTIVE_ARCH = YES;
				SDKROOT = macosx;
				SWIFT_OPTIMIZATION_LEVEL = "-Onone";
			};
			name = Debug;
		};
		AD0F147E1C1F5E8500625321 /* Release */ = {
			isa = XCBuildConfiguration;
			buildSettings = {
				ALWAYS_SEARCH_USER_PATHS = NO;
				CLANG_CXX_LANGUAGE_STANDARD = "gnu++0x";
				CLANG_CXX_LIBRARY = "libc++";
				CLANG_ENABLE_MODULES = YES;
				CLANG_ENABLE_OBJC_ARC = YES;
				CLANG_WARN_BOOL_CONVERSION = YES;
				CLANG_WARN_CONSTANT_CONVERSION = YES;
				CLANG_WARN_DIRECT_OBJC_ISA_USAGE = YES_ERROR;
				CLANG_WARN_EMPTY_BODY = YES;
				CLANG_WARN_ENUM_CONVERSION = YES;
				CLANG_WARN_INT_CONVERSION = YES;
				CLANG_WARN_OBJC_ROOT_CLASS = YES_ERROR;
				CLANG_WARN_UNREACHABLE_CODE = YES;
				CLANG_WARN__DUPLICATE_METHOD_MATCH = YES;
				CODE_SIGN_IDENTITY = "-";
				COPY_PHASE_STRIP = NO;
				DEBUG_INFORMATION_FORMAT = "dwarf-with-dsym";
				ENABLE_NS_ASSERTIONS = NO;
				ENABLE_STRICT_OBJC_MSGSEND = YES;
				GCC_C_LANGUAGE_STANDARD = gnu99;
				GCC_NO_COMMON_BLOCKS = YES;
				GCC_WARN_64_TO_32_BIT_CONVERSION = YES;
				GCC_WARN_ABOUT_RETURN_TYPE = YES_ERROR;
				GCC_WARN_UNDECLARED_SELECTOR = YES;
				GCC_WARN_UNINITIALIZED_AUTOS = YES_AGGRESSIVE;
				GCC_WARN_UNUSED_FUNCTION = YES;
				GCC_WARN_UNUSED_VARIABLE = YES;
				MACOSX_DEPLOYMENT_TARGET = 10.11;
				MTL_ENABLE_DEBUG_INFO = NO;
				SDKROOT = macosx;
			};
			name = Release;
		};
		AD0F14801C1F5E8500625321 /* Debug */ = {
			isa = XCBuildConfiguration;
			buildSettings = {
				PRODUCT_NAME = "$(TARGET_NAME)";
			};
			name = Debug;
		};
		AD0F14811C1F5E8500625321 /* Release */ = {
			isa = XCBuildConfiguration;
			buildSettings = {
				PRODUCT_NAME = "$(TARGET_NAME)";
			};
			name = Release;
		};
/* End XCBuildConfiguration section */

/* Begin XCConfigurationList section */
		AD0F14731C1F5E8500625321 /* Build configuration list for PBXProject "SimpleSocketExample" */ = {
			isa = XCConfigurationList;
			buildConfigurations = (
				AD0F147D1C1F5E8500625321 /* Debug */,
				AD0F147E1C1F5E8500625321 /* Release */,
			);
			defaultConfigurationIsVisible = 0;
			defaultConfigurationName = Release;
		};
		AD0F147F1C1F5E8500625321 /* Build configuration list for PBXNativeTarget "SimpleSocketExample" */ = {
			isa = XCConfigurationList;
			buildConfigurations = (
				AD0F14801C1F5E8500625321 /* Debug */,
				AD0F14811C1F5E8500625321 /* Release */,
			);
			defaultConfigurationIsVisible = 0;
			defaultConfigurationName = Release;
		};
/* End XCConfigurationList section */
	};
	rootObject = AD0F14701C1F5E8500625321 /* Project object */;
}
